
Microsoft Visual Studio Solution File, Format Version 12.00
# Visual Studio Version 16
VisualStudioVersion = 25.0.1706.14
MinimumVisualStudioVersion = 10.0.40219.1
Project("{FAE04EC0-301F-11D3-BF4B-00C04F79EFBC}") = "TruVideoiOSTestApp", "TruVideoiOSTestApp\TruVideoiOSTestApp.csproj", "{41E66DAD-2891-445B-911A-28C267848E2C}"
EndProject
Global
	GlobalSection(SolutionConfigurationPlatforms) = preSolution
		Debug|iPhoneSimulator = Debug|iPhoneSimulator
		Release|iPhoneSimulator = Release|iPhoneSimulator
		Debug|iPhone = Debug|iPhone
		Release|iPhone = Release|iPhone
	EndGlobalSection
	GlobalSection(ProjectConfigurationPlatforms) = postSolution
		{41E66DAD-2891-445B-911A-28C267848E2C}.Debug|iPhoneSimulator.ActiveCfg = Debug|iPhoneSimulator
		{41E66DAD-2891-445B-911A-28C267848E2C}.Debug|iPhoneSimulator.Build.0 = Debug|iPhoneSimulator
		{41E66DAD-2891-445B-911A-28C267848E2C}.Release|iPhoneSimulator.ActiveCfg = Release|iPhoneSimulator
		{41E66DAD-2891-445B-911A-28C267848E2C}.Release|iPhoneSimulator.Build.0 = Release|iPhoneSimulator
		{41E66DAD-2891-445B-911A-28C267848E2C}.Debug|iPhone.ActiveCfg = Debug|iPhone
		{41E66DAD-2891-445B-911A-28C267848E2C}.Debug|iPhone.Build.0 = Debug|iPhone
		{41E66DAD-2891-445B-911A-28C267848E2C}.Release|iPhone.ActiveCfg = Release|iPhone
		{41E66DAD-2891-445B-911A-28C267848E2C}.Release|iPhone.Build.0 = Release|iPhone
	EndGlobalSection
	GlobalSection(SolutionProperties) = preSolution
		HideSolutionNode = FALSE
	EndGlobalSection
	GlobalSection(ExtensibilityGlobals) = postSolution
		SolutionGuid = {34FBB993-D0AC-448E-AB9C-D8B6F12977EB}
	EndGlobalSection
EndGlobal
